// !$*UTF8*$!
{
	archiveVersion = 1;
	classes = {
	};
	objectVersion = 51;
	objects = {

/* Begin PBXBuildFile section */
		CE211B8CC2BFF9E4D8A9F863 /* Pods_Language_Leader.framework in Frameworks */ = {isa = PBXBuildFile; fileRef = D88014EBBC36CCA8CC2E2ABC /* Pods_Language_Leader.framework */; };
		D47D54852921A75C0096235E /* AppDelegate.swift in Sources */ = {isa = PBXBuildFile; fileRef = D47D54842921A75C0096235E /* AppDelegate.swift */; };
		D47D54872921A75C0096235E /* SceneDelegate.swift in Sources */ = {isa = PBXBuildFile; fileRef = D47D54862921A75C0096235E /* SceneDelegate.swift */; };
		D47D548C2921A75C0096235E /* Main.storyboard in Resources */ = {isa = PBXBuildFile; fileRef = D47D548A2921A75C0096235E /* Main.storyboard */; };
		D47D548E2921A7630096235E /* Assets.xcassets in Resources */ = {isa = PBXBuildFile; fileRef = D47D548D2921A7630096235E /* Assets.xcassets */; };
		D47D54912921A7640096235E /* LaunchScreen.storyboard in Resources */ = {isa = PBXBuildFile; fileRef = D47D548F2921A7640096235E /* LaunchScreen.storyboard */; };
		D47D549C2921A7640096235E /* Language_LeaderTests.swift in Sources */ = {isa = PBXBuildFile; fileRef = D47D549B2921A7640096235E /* Language_LeaderTests.swift */; };
		D47D54A72921A7640096235E /* Language_LeaderUITests.swift in Sources */ = {isa = PBXBuildFile; fileRef = D47D54A62921A7640096235E /* Language_LeaderUITests.swift */; };
		D47D54B52921D4FD0096235E /* LoginViewController.swift in Sources */ = {isa = PBXBuildFile; fileRef = D47D54B42921D4FD0096235E /* LoginViewController.swift */; };
		D47D54B72921D6510096235E /* FlashcardViewController.swift in Sources */ = {isa = PBXBuildFile; fileRef = D47D54B62921D6510096235E /* FlashcardViewController.swift */; };
/* End PBXBuildFile section */

/* Begin PBXContainerItemProxy section */
		D47D54982921A7640096235E /* PBXContainerItemProxy */ = {
			isa = PBXContainerItemProxy;
			containerPortal = D47D54792921A75C0096235E /* Project object */;
			proxyType = 1;
			remoteGlobalIDString = D47D54802921A75C0096235E;
			remoteInfo = "Language-Leader";
		};
		D47D54A32921A7640096235E /* PBXContainerItemProxy */ = {
			isa = PBXContainerItemProxy;
			containerPortal = D47D54792921A75C0096235E /* Project object */;
			proxyType = 1;
			remoteGlobalIDString = D47D54802921A75C0096235E;
			remoteInfo = "Language-Leader";
		};
/* End PBXContainerItemProxy section */

/* Begin PBXFileReference section */
		12D41CA6E4F882EB74076BF3 /* Pods-Language-Leader.release.xcconfig */ = {isa = PBXFileReference; includeInIndex = 1; lastKnownFileType = text.xcconfig; name = "Pods-Language-Leader.release.xcconfig"; path = "Target Support Files/Pods-Language-Leader/Pods-Language-Leader.release.xcconfig"; sourceTree = "<group>"; };
		AD1821707525338E3B35A93B /* Pods-Language-Leader.debug.xcconfig */ = {isa = PBXFileReference; includeInIndex = 1; lastKnownFileType = text.xcconfig; name = "Pods-Language-Leader.debug.xcconfig"; path = "Target Support Files/Pods-Language-Leader/Pods-Language-Leader.debug.xcconfig"; sourceTree = "<group>"; };
		D47D54812921A75C0096235E /* Language-Leader.app */ = {isa = PBXFileReference; explicitFileType = wrapper.application; includeInIndex = 0; path = "Language-Leader.app"; sourceTree = BUILT_PRODUCTS_DIR; };
		D47D54842921A75C0096235E /* AppDelegate.swift */ = {isa = PBXFileReference; lastKnownFileType = sourcecode.swift; path = AppDelegate.swift; sourceTree = "<group>"; };
		D47D54862921A75C0096235E /* SceneDelegate.swift */ = {isa = PBXFileReference; lastKnownFileType = sourcecode.swift; path = SceneDelegate.swift; sourceTree = "<group>"; };
		D47D548B2921A75C0096235E /* Base */ = {isa = PBXFileReference; lastKnownFileType = file.storyboard; name = Base; path = Base.lproj/Main.storyboard; sourceTree = "<group>"; };
		D47D548D2921A7630096235E /* Assets.xcassets */ = {isa = PBXFileReference; lastKnownFileType = folder.assetcatalog; path = Assets.xcassets; sourceTree = "<group>"; };
		D47D54902921A7640096235E /* Base */ = {isa = PBXFileReference; lastKnownFileType = file.storyboard; name = Base; path = Base.lproj/LaunchScreen.storyboard; sourceTree = "<group>"; };
		D47D54922921A7640096235E /* Info.plist */ = {isa = PBXFileReference; lastKnownFileType = text.plist.xml; path = Info.plist; sourceTree = "<group>"; };
		D47D54972921A7640096235E /* Language-LeaderTests.xctest */ = {isa = PBXFileReference; explicitFileType = wrapper.cfbundle; includeInIndex = 0; path = "Language-LeaderTests.xctest"; sourceTree = BUILT_PRODUCTS_DIR; };
		D47D549B2921A7640096235E /* Language_LeaderTests.swift */ = {isa = PBXFileReference; lastKnownFileType = sourcecode.swift; path = Language_LeaderTests.swift; sourceTree = "<group>"; };
		D47D549D2921A7640096235E /* Info.plist */ = {isa = PBXFileReference; lastKnownFileType = text.plist.xml; path = Info.plist; sourceTree = "<group>"; };
		D47D54A22921A7640096235E /* Language-LeaderUITests.xctest */ = {isa = PBXFileReference; explicitFileType = wrapper.cfbundle; includeInIndex = 0; path = "Language-LeaderUITests.xctest"; sourceTree = BUILT_PRODUCTS_DIR; };
		D47D54A62921A7640096235E /* Language_LeaderUITests.swift */ = {isa = PBXFileReference; lastKnownFileType = sourcecode.swift; path = Language_LeaderUITests.swift; sourceTree = "<group>"; };
		D47D54A82921A7640096235E /* Info.plist */ = {isa = PBXFileReference; lastKnownFileType = text.plist.xml; path = Info.plist; sourceTree = "<group>"; };
		D47D54B42921D4FD0096235E /* LoginViewController.swift */ = {isa = PBXFileReference; lastKnownFileType = sourcecode.swift; path = LoginViewController.swift; sourceTree = "<group>"; };
		D47D54B62921D6510096235E /* FlashcardViewController.swift */ = {isa = PBXFileReference; lastKnownFileType = sourcecode.swift; path = FlashcardViewController.swift; sourceTree = "<group>"; };
		D88014EBBC36CCA8CC2E2ABC /* Pods_Language_Leader.framework */ = {isa = PBXFileReference; explicitFileType = wrapper.framework; includeInIndex = 0; path = Pods_Language_Leader.framework; sourceTree = BUILT_PRODUCTS_DIR; };
/* End PBXFileReference section */

/* Begin PBXFrameworksBuildPhase section */
		D47D547E2921A75C0096235E /* Frameworks */ = {
			isa = PBXFrameworksBuildPhase;
			buildActionMask = 2147483647;
			files = (
				CE211B8CC2BFF9E4D8A9F863 /* Pods_Language_Leader.framework in Frameworks */,
			);
			runOnlyForDeploymentPostprocessing = 0;
		};
		D47D54942921A7640096235E /* Frameworks */ = {
			isa = PBXFrameworksBuildPhase;
			buildActionMask = 2147483647;
			files = (
			);
			runOnlyForDeploymentPostprocessing = 0;
		};
		D47D549F2921A7640096235E /* Frameworks */ = {
			isa = PBXFrameworksBuildPhase;
			buildActionMask = 2147483647;
			files = (
			);
			runOnlyForDeploymentPostprocessing = 0;
		};
/* End PBXFrameworksBuildPhase section */

/* Begin PBXGroup section */
		9A74C9538C54CD85418757E6 /* Frameworks */ = {
			isa = PBXGroup;
			children = (
				D88014EBBC36CCA8CC2E2ABC /* Pods_Language_Leader.framework */,
			);
			name = Frameworks;
			sourceTree = "<group>";
		};
		D47D54782921A75C0096235E = {
			isa = PBXGroup;
			children = (
				D47D54832921A75C0096235E /* Language-Leader */,
				D47D549A2921A7640096235E /* Language-LeaderTests */,
				D47D54A52921A7640096235E /* Language-LeaderUITests */,
				D47D54822921A75C0096235E /* Products */,
				FBB95DC6F7E860D088E57F86 /* Pods */,
				9A74C9538C54CD85418757E6 /* Frameworks */,
			);
			sourceTree = "<group>";
		};
		D47D54822921A75C0096235E /* Products */ = {
			isa = PBXGroup;
			children = (
				D47D54812921A75C0096235E /* Language-Leader.app */,
				D47D54972921A7640096235E /* Language-LeaderTests.xctest */,
				D47D54A22921A7640096235E /* Language-LeaderUITests.xctest */,
			);
			name = Products;
			sourceTree = "<group>";
		};
		D47D54832921A75C0096235E /* Language-Leader */ = {
			isa = PBXGroup;
			children = (
				D47D54842921A75C0096235E /* AppDelegate.swift */,
				D47D54862921A75C0096235E /* SceneDelegate.swift */,
				D47D548A2921A75C0096235E /* Main.storyboard */,
				D47D548D2921A7630096235E /* Assets.xcassets */,
				D47D548F2921A7640096235E /* LaunchScreen.storyboard */,
				D47D54922921A7640096235E /* Info.plist */,
				D47D54B42921D4FD0096235E /* LoginViewController.swift */,
				D47D54B62921D6510096235E /* FlashcardViewController.swift */,
			);
			path = "Language-Leader";
			sourceTree = "<group>";
		};
		D47D549A2921A7640096235E /* Language-LeaderTests */ = {
			isa = PBXGroup;
			children = (
				D47D549B2921A7640096235E /* Language_LeaderTests.swift */,
				D47D549D2921A7640096235E /* Info.plist */,
			);
			path = "Language-LeaderTests";
			sourceTree = "<group>";
		};
		D47D54A52921A7640096235E /* Language-LeaderUITests */ = {
			isa = PBXGroup;
			children = (
				D47D54A62921A7640096235E /* Language_LeaderUITests.swift */,
				D47D54A82921A7640096235E /* Info.plist */,
			);
			path = "Language-LeaderUITests";
			sourceTree = "<group>";
		};
		FBB95DC6F7E860D088E57F86 /* Pods */ = {
			isa = PBXGroup;
			children = (
				AD1821707525338E3B35A93B /* Pods-Language-Leader.debug.xcconfig */,
				12D41CA6E4F882EB74076BF3 /* Pods-Language-Leader.release.xcconfig */,
			);
			path = Pods;
			sourceTree = "<group>";
		};
/* End PBXGroup section */

/* Begin PBXNativeTarget section */
		D47D54802921A75C0096235E /* Language-Leader */ = {
			isa = PBXNativeTarget;
			buildConfigurationList = D47D54AB2921A7640096235E /* Build configuration list for PBXNativeTarget "Language-Leader" */;
			buildPhases = (
				A37FF4EB56BF01A972E62AC5 /* [CP] Check Pods Manifest.lock */,
				D47D547D2921A75C0096235E /* Sources */,
				D47D547E2921A75C0096235E /* Frameworks */,
				D47D547F2921A75C0096235E /* Resources */,
				3C126D9EAEA061235643A921 /* [CP] Embed Pods Frameworks */,
			);
			buildRules = (
			);
			dependencies = (
			);
			name = "Language-Leader";
			productName = "Language-Leader";
			productReference = D47D54812921A75C0096235E /* Language-Leader.app */;
			productType = "com.apple.product-type.application";
		};
		D47D54962921A7640096235E /* Language-LeaderTests */ = {
			isa = PBXNativeTarget;
			buildConfigurationList = D47D54AE2921A7640096235E /* Build configuration list for PBXNativeTarget "Language-LeaderTests" */;
			buildPhases = (
				D47D54932921A7640096235E /* Sources */,
				D47D54942921A7640096235E /* Frameworks */,
				D47D54952921A7640096235E /* Resources */,
			);
			buildRules = (
			);
			dependencies = (
				D47D54992921A7640096235E /* PBXTargetDependency */,
			);
			name = "Language-LeaderTests";
			productName = "Language-LeaderTests";
			productReference = D47D54972921A7640096235E /* Language-LeaderTests.xctest */;
			productType = "com.apple.product-type.bundle.unit-test";
		};
		D47D54A12921A7640096235E /* Language-LeaderUITests */ = {
			isa = PBXNativeTarget;
			buildConfigurationList = D47D54B12921A7640096235E /* Build configuration list for PBXNativeTarget "Language-LeaderUITests" */;
			buildPhases = (
				D47D549E2921A7640096235E /* Sources */,
				D47D549F2921A7640096235E /* Frameworks */,
				D47D54A02921A7640096235E /* Resources */,
			);
			buildRules = (
			);
			dependencies = (
				D47D54A42921A7640096235E /* PBXTargetDependency */,
			);
			name = "Language-LeaderUITests";
			productName = "Language-LeaderUITests";
			productReference = D47D54A22921A7640096235E /* Language-LeaderUITests.xctest */;
			productType = "com.apple.product-type.bundle.ui-testing";
		};
/* End PBXNativeTarget section */

/* Begin PBXProject section */
		D47D54792921A75C0096235E /* Project object */ = {
			isa = PBXProject;
			attributes = {
				LastSwiftUpdateCheck = 1250;
				LastUpgradeCheck = 1250;
				TargetAttributes = {
					D47D54802921A75C0096235E = {
						CreatedOnToolsVersion = 12.5;
					};
					D47D54962921A7640096235E = {
						CreatedOnToolsVersion = 12.5;
						TestTargetID = D47D54802921A75C0096235E;
					};
					D47D54A12921A7640096235E = {
						CreatedOnToolsVersion = 12.5;
						TestTargetID = D47D54802921A75C0096235E;
					};
				};
			};
			buildConfigurationList = D47D547C2921A75C0096235E /* Build configuration list for PBXProject "Language-Leader" */;
			compatibilityVersion = "Xcode 9.3";
			developmentRegion = en;
			hasScannedForEncodings = 0;
			knownRegions = (
				en,
				Base,
			);
			mainGroup = D47D54782921A75C0096235E;
			productRefGroup = D47D54822921A75C0096235E /* Products */;
			projectDirPath = "";
			projectRoot = "";
			targets = (
				D47D54802921A75C0096235E /* Language-Leader */,
				D47D54962921A7640096235E /* Language-LeaderTests */,
				D47D54A12921A7640096235E /* Language-LeaderUITests */,
			);
		};
/* End PBXProject section */

/* Begin PBXResourcesBuildPhase section */
		D47D547F2921A75C0096235E /* Resources */ = {
			isa = PBXResourcesBuildPhase;
			buildActionMask = 2147483647;
			files = (
				D47D54912921A7640096235E /* LaunchScreen.storyboard in Resources */,
				D47D548E2921A7630096235E /* Assets.xcassets in Resources */,
				D47D548C2921A75C0096235E /* Main.storyboard in Resources */,
			);
			runOnlyForDeploymentPostprocessing = 0;
		};
		D47D54952921A7640096235E /* Resources */ = {
			isa = PBXResourcesBuildPhase;
			buildActionMask = 2147483647;
			files = (
			);
			runOnlyForDeploymentPostprocessing = 0;
		};
		D47D54A02921A7640096235E /* Resources */ = {
			isa = PBXResourcesBuildPhase;
			buildActionMask = 2147483647;
			files = (
			);
			runOnlyForDeploymentPostprocessing = 0;
		};
/* End PBXResourcesBuildPhase section */

/* Begin PBXShellScriptBuildPhase section */
		3C126D9EAEA061235643A921 /* [CP] Embed Pods Frameworks */ = {
			isa = PBXShellScriptBuildPhase;
			buildActionMask = 2147483647;
			files = (
			);
			inputFileListPaths = (
				"${PODS_ROOT}/Target Support Files/Pods-Language-Leader/Pods-Language-Leader-frameworks-${CONFIGURATION}-input-files.xcfilelist",
			);
			name = "[CP] Embed Pods Frameworks";
			outputFileListPaths = (
				"${PODS_ROOT}/Target Support Files/Pods-Language-Leader/Pods-Language-Leader-frameworks-${CONFIGURATION}-output-files.xcfilelist",
			);
			runOnlyForDeploymentPostprocessing = 0;
			shellPath = /bin/sh;
			shellScript = "\"${PODS_ROOT}/Target Support Files/Pods-Language-Leader/Pods-Language-Leader-frameworks.sh\"\n";
			showEnvVarsInLog = 0;
		};
		A37FF4EB56BF01A972E62AC5 /* [CP] Check Pods Manifest.lock */ = {
			isa = PBXShellScriptBuildPhase;
			buildActionMask = 2147483647;
			files = (
			);
			inputFileListPaths = (
			);
			inputPaths = (
				"${PODS_PODFILE_DIR_PATH}/Podfile.lock",
				"${PODS_ROOT}/Manifest.lock",
			);
			name = "[CP] Check Pods Manifest.lock";
			outputFileListPaths = (
			);
			outputPaths = (
				"$(DERIVED_FILE_DIR)/Pods-Language-Leader-checkManifestLockResult.txt",
			);
			runOnlyForDeploymentPostprocessing = 0;
			shellPath = /bin/sh;
			shellScript = "diff \"${PODS_PODFILE_DIR_PATH}/Podfile.lock\" \"${PODS_ROOT}/Manifest.lock\" > /dev/null\nif [ $? != 0 ] ; then\n    # print error to STDERR\n    echo \"error: The sandbox is not in sync with the Podfile.lock. Run 'pod install' or update your CocoaPods installation.\" >&2\n    exit 1\nfi\n# This output is used by Xcode 'outputs' to avoid re-running this script phase.\necho \"SUCCESS\" > \"${SCRIPT_OUTPUT_FILE_0}\"\n";
			showEnvVarsInLog = 0;
		};
/* End PBXShellScriptBuildPhase section */

/* Begin PBXSourcesBuildPhase section */
		D47D547D2921A75C0096235E /* Sources */ = {
			isa = PBXSourcesBuildPhase;
			buildActionMask = 2147483647;
			files = (
				D47D54B52921D4FD0096235E /* LoginViewController.swift in Sources */,
				D47D54852921A75C0096235E /* AppDelegate.swift in Sources */,
				D47D54872921A75C0096235E /* SceneDelegate.swift in Sources */,
				D47D54B72921D6510096235E /* FlashcardViewController.swift in Sources */,
			);
			runOnlyForDeploymentPostprocessing = 0;
		};
		D47D54932921A7640096235E /* Sources */ = {
			isa = PBXSourcesBuildPhase;
			buildActionMask = 2147483647;
			files = (
				D47D549C2921A7640096235E /* Language_LeaderTests.swift in Sources */,
			);
			runOnlyForDeploymentPostprocessing = 0;
		};
		D47D549E2921A7640096235E /* Sources */ = {
			isa = PBXSourcesBuildPhase;
			buildActionMask = 2147483647;
			files = (
				D47D54A72921A7640096235E /* Language_LeaderUITests.swift in Sources */,
			);
			runOnlyForDeploymentPostprocessing = 0;
		};
/* End PBXSourcesBuildPhase section */

/* Begin PBXTargetDependency section */
		D47D54992921A7640096235E /* PBXTargetDependency */ = {
			isa = PBXTargetDependency;
			target = D47D54802921A75C0096235E /* Language-Leader */;
			targetProxy = D47D54982921A7640096235E /* PBXContainerItemProxy */;
		};
		D47D54A42921A7640096235E /* PBXTargetDependency */ = {
			isa = PBXTargetDependency;
			target = D47D54802921A75C0096235E /* Language-Leader */;
			targetProxy = D47D54A32921A7640096235E /* PBXContainerItemProxy */;
		};
/* End PBXTargetDependency section */

/* Begin PBXVariantGroup section */
		D47D548A2921A75C0096235E /* Main.storyboard */ = {
			isa = PBXVariantGroup;
			children = (
				D47D548B2921A75C0096235E /* Base */,
			);
			name = Main.storyboard;
			sourceTree = "<group>";
		};
		D47D548F2921A7640096235E /* LaunchScreen.storyboard */ = {
			isa = PBXVariantGroup;
			children = (
				D47D54902921A7640096235E /* Base */,
			);
			name = LaunchScreen.storyboard;
			sourceTree = "<group>";
		};
/* End PBXVariantGroup section */

/* Begin XCBuildConfiguration section */
		D47D54A92921A7640096235E /* Debug */ = {
			isa = XCBuildConfiguration;
			buildSettings = {
				ALWAYS_SEARCH_USER_PATHS = NO;
				CLANG_ANALYZER_NONNULL = YES;
				CLANG_ANALYZER_NUMBER_OBJECT_CONVERSION = YES_AGGRESSIVE;
				CLANG_CXX_LANGUAGE_STANDARD = "gnu++14";
				CLANG_CXX_LIBRARY = "libc++";
				CLANG_ENABLE_MODULES = YES;
				CLANG_ENABLE_OBJC_ARC = YES;
				CLANG_ENABLE_OBJC_WEAK = YES;
				CLANG_WARN_BLOCK_CAPTURE_AUTORELEASING = YES;
				CLANG_WARN_BOOL_CONVERSION = YES;
				CLANG_WARN_COMMA = YES;
				CLANG_WARN_CONSTANT_CONVERSION = YES;
				CLANG_WARN_DEPRECATED_OBJC_IMPLEMENTATIONS = YES;
				CLANG_WARN_DIRECT_OBJC_ISA_USAGE = YES_ERROR;
				CLANG_WARN_DOCUMENTATION_COMMENTS = YES;
				CLANG_WARN_EMPTY_BODY = YES;
				CLANG_WARN_ENUM_CONVERSION = YES;
				CLANG_WARN_INFINITE_RECURSION = YES;
				CLANG_WARN_INT_CONVERSION = YES;
				CLANG_WARN_NON_LITERAL_NULL_CONVERSION = YES;
				CLANG_WARN_OBJC_IMPLICIT_RETAIN_SELF = YES;
				CLANG_WARN_OBJC_LITERAL_CONVERSION = YES;
				CLANG_WARN_OBJC_ROOT_CLASS = YES_ERROR;
				CLANG_WARN_QUOTED_INCLUDE_IN_FRAMEWORK_HEADER = YES;
				CLANG_WARN_RANGE_LOOP_ANALYSIS = YES;
				CLANG_WARN_STRICT_PROTOTYPES = YES;
				CLANG_WARN_SUSPICIOUS_MOVE = YES;
				CLANG_WARN_UNGUARDED_AVAILABILITY = YES_AGGRESSIVE;
				CLANG_WARN_UNREACHABLE_CODE = YES;
				CLANG_WARN__DUPLICATE_METHOD_MATCH = YES;
				COPY_PHASE_STRIP = NO;
				DEBUG_INFORMATION_FORMAT = dwarf;
				ENABLE_STRICT_OBJC_MSGSEND = YES;
				ENABLE_TESTABILITY = YES;
				GCC_C_LANGUAGE_STANDARD = gnu11;
				GCC_DYNAMIC_NO_PIC = NO;
				GCC_NO_COMMON_BLOCKS = YES;
				GCC_OPTIMIZATION_LEVEL = 0;
				GCC_PREPROCESSOR_DEFINITIONS = (
					"DEBUG=1",
					"$(inherited)",
				);
				GCC_WARN_64_TO_32_BIT_CONVERSION = YES;
				GCC_WARN_ABOUT_RETURN_TYPE = YES_ERROR;
				GCC_WARN_UNDECLARED_SELECTOR = YES;
				GCC_WARN_UNINITIALIZED_AUTOS = YES_AGGRESSIVE;
				GCC_WARN_UNUSED_FUNCTION = YES;
				GCC_WARN_UNUSED_VARIABLE = YES;
				IPHONEOS_DEPLOYMENT_TARGET = 14.5;
				MTL_ENABLE_DEBUG_INFO = INCLUDE_SOURCE;
				MTL_FAST_MATH = YES;
				ONLY_ACTIVE_ARCH = YES;
				SDKROOT = iphoneos;
				SWIFT_ACTIVE_COMPILATION_CONDITIONS = DEBUG;
				SWIFT_OPTIMIZATION_LEVEL = "-Onone";
			};
			name = Debug;
		};
		D47D54AA2921A7640096235E /* Release */ = {
			isa = XCBuildConfiguration;
			buildSettings = {
				ALWAYS_SEARCH_USER_PATHS = NO;
				CLANG_ANALYZER_NONNULL = YES;
				CLANG_ANALYZER_NUMBER_OBJECT_CONVERSION = YES_AGGRESSIVE;
				CLANG_CXX_LANGUAGE_STANDARD = "gnu++14";
				CLANG_CXX_LIBRARY = "libc++";
				CLANG_ENABLE_MODULES = YES;
				CLANG_ENABLE_OBJC_ARC = YES;
				CLANG_ENABLE_OBJC_WEAK = YES;
				CLANG_WARN_BLOCK_CAPTURE_AUTORELEASING = YES;
				CLANG_WARN_BOOL_CONVERSION = YES;
				CLANG_WARN_COMMA = YES;
				CLANG_WARN_CONSTANT_CONVERSION = YES;
				CLANG_WARN_DEPRECATED_OBJC_IMPLEMENTATIONS = YES;
				CLANG_WARN_DIRECT_OBJC_ISA_USAGE = YES_ERROR;
				CLANG_WARN_DOCUMENTATION_COMMENTS = YES;
				CLANG_WARN_EMPTY_BODY = YES;
				CLANG_WARN_ENUM_CONVERSION = YES;
				CLANG_WARN_INFINITE_RECURSION = YES;
				CLANG_WARN_INT_CONVERSION = YES;
				CLANG_WARN_NON_LITERAL_NULL_CONVERSION = YES;
				CLANG_WARN_OBJC_IMPLICIT_RETAIN_SELF = YES;
				CLANG_WARN_OBJC_LITERAL_CONVERSION = YES;
				CLANG_WARN_OBJC_ROOT_CLASS = YES_ERROR;
				CLANG_WARN_QUOTED_INCLUDE_IN_FRAMEWORK_HEADER = YES;
				CLANG_WARN_RANGE_LOOP_ANALYSIS = YES;
				CLANG_WARN_STRICT_PROTOTYPES = YES;
				CLANG_WARN_SUSPICIOUS_MOVE = YES;
				CLANG_WARN_UNGUARDED_AVAILABILITY = YES_AGGRESSIVE;
				CLANG_WARN_UNREACHABLE_CODE = YES;
				CLANG_WARN__DUPLICATE_METHOD_MATCH = YES;
				COPY_PHASE_STRIP = NO;
				DEBUG_INFORMATION_FORMAT = "dwarf-with-dsym";
				ENABLE_NS_ASSERTIONS = NO;
				ENABLE_STRICT_OBJC_MSGSEND = YES;
				GCC_C_LANGUAGE_STANDARD = gnu11;
				GCC_NO_COMMON_BLOCKS = YES;
				GCC_WARN_64_TO_32_BIT_CONVERSION = YES;
				GCC_WARN_ABOUT_RETURN_TYPE = YES_ERROR;
				GCC_WARN_UNDECLARED_SELECTOR = YES;
				GCC_WARN_UNINITIALIZED_AUTOS = YES_AGGRESSIVE;
				GCC_WARN_UNUSED_FUNCTION = YES;
				GCC_WARN_UNUSED_VARIABLE = YES;
				IPHONEOS_DEPLOYMENT_TARGET = 14.5;
				MTL_ENABLE_DEBUG_INFO = NO;
				MTL_FAST_MATH = YES;
				SDKROOT = iphoneos;
				SWIFT_COMPILATION_MODE = wholemodule;
				SWIFT_OPTIMIZATION_LEVEL = "-O";
				VALIDATE_PRODUCT = YES;
			};
			name = Release;
		};
		D47D54AC2921A7640096235E /* Debug */ = {
			isa = XCBuildConfiguration;
			baseConfigurationReference = AD1821707525338E3B35A93B /* Pods-Language-Leader.debug.xcconfig */;
			buildSettings = {
				ASSETCATALOG_COMPILER_APPICON_NAME = AppIcon;
				ASSETCATALOG_COMPILER_GLOBAL_ACCENT_COLOR_NAME = AccentColor;
				CODE_SIGN_STYLE = Automatic;
				DEVELOPMENT_TEAM = HPF8C8SKW4;
				INFOPLIST_FILE = "Language-Leader/Info.plist";
				LD_RUNPATH_SEARCH_PATHS = (
					"$(inherited)",
					"@executable_path/Frameworks",
				);
				PRODUCT_BUNDLE_IDENTIFIER = "ios.nd.fiu.edu.Language-Leader";
				PRODUCT_NAME = "$(TARGET_NAME)";
				SWIFT_VERSION = 5.0;
				TARGETED_DEVICE_FAMILY = "1,2";
			};
			name = Debug;
		};
		D47D54AD2921A7640096235E /* Release */ = {
			isa = XCBuildConfiguration;
			baseConfigurationReference = 12D41CA6E4F882EB74076BF3 /* Pods-Language-Leader.release.xcconfig */;
			buildSettings = {
				ASSETCATALOG_COMPILER_APPICON_NAME = AppIcon;
				ASSETCATALOG_COMPILER_GLOBAL_ACCENT_COLOR_NAME = AccentColor;
				CODE_SIGN_STYLE = Automatic;
				DEVELOPMENT_TEAM = HPF8C8SKW4;
				INFOPLIST_FILE = "Language-Leader/Info.plist";
				LD_RUNPATH_SEARCH_PATHS = (
					"$(inherited)",
					"@executable_path/Frameworks",
				);
				PRODUCT_BUNDLE_IDENTIFIER = "ios.nd.fiu.edu.Language-Leader";
				PRODUCT_NAME = "$(TARGET_NAME)";
				SWIFT_VERSION = 5.0;
				TARGETED_DEVICE_FAMILY = "1,2";
			};
			name = Release;
		};
		D47D54AF2921A7640096235E /* Debug */ = {
			isa = XCBuildConfiguration;
			buildSettings = {
				ALWAYS_EMBED_SWIFT_STANDARD_LIBRARIES = YES;
				BUNDLE_LOADER = "$(TEST_HOST)";
				CODE_SIGN_STYLE = Automatic;
				DEVELOPMENT_TEAM = HPF8C8SKW4;
				INFOPLIST_FILE = "Language-LeaderTests/Info.plist";
				IPHONEOS_DEPLOYMENT_TARGET = 14.5;
				LD_RUNPATH_SEARCH_PATHS = (
					"$(inherited)",
					"@executable_path/Frameworks",
					"@loader_path/Frameworks",
				);
				PRODUCT_BUNDLE_IDENTIFIER = "ios.nd.fiu.edu.Language-LeaderTests";
				PRODUCT_NAME = "$(TARGET_NAME)";
				SWIFT_VERSION = 5.0;
				TARGETED_DEVICE_FAMILY = "1,2";
				TEST_HOST = "$(BUILT_PRODUCTS_DIR)/Language-Leader.app/Language-Leader";
			};
			name = Debug;
		};
		D47D54B02921A7640096235E /* Release */ = {
			isa = XCBuildConfiguration;
			buildSettings = {
				ALWAYS_EMBED_SWIFT_STANDARD_LIBRARIES = YES;
				BUNDLE_LOADER = "$(TEST_HOST)";
				CODE_SIGN_STYLE = Automatic;
				DEVELOPMENT_TEAM = HPF8C8SKW4;
				INFOPLIST_FILE = "Language-LeaderTests/Info.plist";
				IPHONEOS_DEPLOYMENT_TARGET = 14.5;
				LD_RUNPATH_SEARCH_PATHS = (
					"$(inherited)",
					"@executable_path/Frameworks",
					"@loader_path/Frameworks",
				);
				PRODUCT_BUNDLE_IDENTIFIER = "ios.nd.fiu.edu.Language-LeaderTests";
				PRODUCT_NAME = "$(TARGET_NAME)";
				SWIFT_VERSION = 5.0;
				TARGETED_DEVICE_FAMILY = "1,2";
				TEST_HOST = "$(BUILT_PRODUCTS_DIR)/Language-Leader.app/Language-Leader";
			};
			name = Release;
		};
		D47D54B22921A7640096235E /* Debug */ = {
			isa = XCBuildConfiguration;
			buildSettings = {
				ALWAYS_EMBED_SWIFT_STANDARD_LIBRARIES = YES;
				CODE_SIGN_STYLE = Automatic;
				DEVELOPMENT_TEAM = HPF8C8SKW4;
				INFOPLIST_FILE = "Language-LeaderUITests/Info.plist";
				LD_RUNPATH_SEARCH_PATHS = (
					"$(inherited)",
					"@executable_path/Frameworks",
					"@loader_path/Frameworks",
				);
				PRODUCT_BUNDLE_IDENTIFIER = "ios.nd.fiu.edu.Language-LeaderUITests";
				PRODUCT_NAME = "$(TARGET_NAME)";
				SWIFT_VERSION = 5.0;
				TARGETED_DEVICE_FAMILY = "1,2";
				TEST_TARGET_NAME = "Language-Leader";
			};
			name = Debug;
		};
		D47D54B32921A7640096235E /* Release */ = {
			isa = XCBuildConfiguration;
			buildSettings = {
				ALWAYS_EMBED_SWIFT_STANDARD_LIBRARIES = YES;
				CODE_SIGN_STYLE = Automatic;
				DEVELOPMENT_TEAM = HPF8C8SKW4;
				INFOPLIST_FILE = "Language-LeaderUITests/Info.plist";
				LD_RUNPATH_SEARCH_PATHS = (
					"$(inherited)",
					"@executable_path/Frameworks",
					"@loader_path/Frameworks",
				);
				PRODUCT_BUNDLE_IDENTIFIER = "ios.nd.fiu.edu.Language-LeaderUITests";
				PRODUCT_NAME = "$(TARGET_NAME)";
				SWIFT_VERSION = 5.0;
				TARGETED_DEVICE_FAMILY = "1,2";
				TEST_TARGET_NAME = "Language-Leader";
			};
			name = Release;
		};
/* End XCBuildConfiguration section */

/* Begin XCConfigurationList section */
		D47D547C2921A75C0096235E /* Build configuration list for PBXProject "Language-Leader" */ = {
			isa = XCConfigurationList;
			buildConfigurations = (
				D47D54A92921A7640096235E /* Debug */,
				D47D54AA2921A7640096235E /* Release */,
			);
			defaultConfigurationIsVisible = 0;
			defaultConfigurationName = Release;
		};
		D47D54AB2921A7640096235E /* Build configuration list for PBXNativeTarget "Language-Leader" */ = {
			isa = XCConfigurationList;
			buildConfigurations = (
				D47D54AC2921A7640096235E /* Debug */,
				D47D54AD2921A7640096235E /* Release */,
			);
			defaultConfigurationIsVisible = 0;
			defaultConfigurationName = Release;
		};
		D47D54AE2921A7640096235E /* Build configuration list for PBXNativeTarget "Language-LeaderTests" */ = {
			isa = XCConfigurationList;
			buildConfigurations = (
				D47D54AF2921A7640096235E /* Debug */,
				D47D54B02921A7640096235E /* Release */,
			);
			defaultConfigurationIsVisible = 0;
			defaultConfigurationName = Release;
		};
		D47D54B12921A7640096235E /* Build configuration list for PBXNativeTarget "Language-LeaderUITests" */ = {
			isa = XCConfigurationList;
			buildConfigurations = (
				D47D54B22921A7640096235E /* Debug */,
				D47D54B32921A7640096235E /* Release */,
			);
			defaultConfigurationIsVisible = 0;
			defaultConfigurationName = Release;
		};
/* End XCConfigurationList section */
	};
	rootObject = D47D54792921A75C0096235E /* Project object */;
}
